
Microsoft Visual Studio Solution File, Format Version 12.00
# Visual Studio Version 17
VisualStudioVersion = 17.7.34031.279
MinimumVisualStudioVersion = 10.0.40219.1
Project("{FAE04EC0-301F-11D3-BF4B-00C04F79EFBC}") = "Laby3", "Laby3\Laby3.csproj", "{BBC329F0-A2C4-464B-B79D-5E5A9DE99324}"
EndProject
Global
	GlobalSection(SolutionConfigurationPlatforms) = preSolution
		Debug|Any CPU = Debug|Any CPU
		Release|Any CPU = Release|Any CPU
	EndGlobalSection
	GlobalSection(ProjectConfigurationPlatforms) = postSolution
		{BBC329F0-A2C4-464B-B79D-5E5A9DE99324}.Debug|Any CPU.ActiveCfg = Debug|Any CPU
		{BBC329F0-A2C4-464B-B79D-5E5A9DE99324}.Debug|Any CPU.Build.0 = Debug|Any CPU
		{BBC329F0-A2C4-464B-B79D-5E5A9DE99324}.Release|Any CPU.ActiveCfg = Release|Any CPU
		{BBC329F0-A2C4-464B-B79D-5E5A9DE99324}.Release|Any CPU.Build.0 = Release|Any CPU
	EndGlobalSection
	GlobalSection(SolutionProperties) = preSolution
		HideSolutionNode = FALSE
	EndGlobalSection
	GlobalSection(ExtensibilityGlobals) = postSolution
		SolutionGuid = {C34E4AA0-0AE3-4D27-883C-6E9C61E91AA0}
	EndGlobalSection
EndGlobal
